
Microsoft Visual Studio Solution File, Format Version 12.00
# Visual Studio 15
VisualStudioVersion = 15.0.28307.1340
MinimumVisualStudioVersion = 10.0.40219.1
Project("{8BC9CEB8-8B4A-11D0-8D11-00A0C91BC942}") = "GoogleTest", "GoogleTest\GoogleTest.vcxproj", "{EFC2EB73-86EA-4F31-9E5E-36C1C4CD960A}"
EndProject
Project("{8BC9CEB8-8B4A-11D0-8D11-00A0C91BC942}") = "Gtest", "Gtest\Gtest.vcxproj", "{25ECA07D-DC65-4020-B5C8-87A22D48A03B}"
EndProject
Global
	GlobalSection(SolutionConfigurationPlatforms) = preSolution
		Debug|x64 = Debug|x64
		Debug|x86 = Debug|x86
		Release|x64 = Release|x64
		Release|x86 = Release|x86
	EndGlobalSection
	GlobalSection(ProjectConfigurationPlatforms) = postSolution
		{EFC2EB73-86EA-4F31-9E5E-36C1C4CD960A}.Debug|x64.ActiveCfg = Debug|x64
		{EFC2EB73-86EA-4F31-9E5E-36C1C4CD960A}.Debug|x64.Build.0 = Debug|x64
		{EFC2EB73-86EA-4F31-9E5E-36C1C4CD960A}.Debug|x86.ActiveCfg = Debug|Win32
		{EFC2EB73-86EA-4F31-9E5E-36C1C4CD960A}.Debug|x86.Build.0 = Debug|Win32
		{EFC2EB73-86EA-4F31-9E5E-36C1C4CD960A}.Release|x64.ActiveCfg = Release|x64
		{EFC2EB73-86EA-4F31-9E5E-36C1C4CD960A}.Release|x64.Build.0 = Release|x64
		{EFC2EB73-86EA-4F31-9E5E-36C1C4CD960A}.Release|x86.ActiveCfg = Release|Win32
		{EFC2EB73-86EA-4F31-9E5E-36C1C4CD960A}.Release|x86.Build.0 = Release|Win32
		{25ECA07D-DC65-4020-B5C8-87A22D48A03B}.Debug|x64.ActiveCfg = Debug|x64
		{25ECA07D-DC65-4020-B5C8-87A22D48A03B}.Debug|x64.Build.0 = Debug|x64
		{25ECA07D-DC65-4020-B5C8-87A22D48A03B}.Debug|x86.ActiveCfg = Debug|Win32
		{25ECA07D-DC65-4020-B5C8-87A22D48A03B}.Debug|x86.Build.0 = Debug|Win32
		{25ECA07D-DC65-4020-B5C8-87A22D48A03B}.Release|x64.ActiveCfg = Release|x64
		{25ECA07D-DC65-4020-B5C8-87A22D48A03B}.Release|x64.Build.0 = Release|x64
		{25ECA07D-DC65-4020-B5C8-87A22D48A03B}.Release|x86.ActiveCfg = Release|Win32
		{25ECA07D-DC65-4020-B5C8-87A22D48A03B}.Release|x86.Build.0 = Release|Win32
	EndGlobalSection
	GlobalSection(SolutionProperties) = preSolution
		HideSolutionNode = FALSE
	EndGlobalSection
	GlobalSection(ExtensibilityGlobals) = postSolution
		SolutionGuid = {680DEFBD-1FC4-451D-9F31-96221D0A5129}
	EndGlobalSection
EndGlobal
